
Microsoft Visual Studio Solution File, Format Version 12.00
# Visual Studio 15
VisualStudioVersion = 15.0.28307.1022
MinimumVisualStudioVersion = 10.0.40219.1
Project("{F2A71F9B-5D33-465A-A702-920D77279786}") = "Ejercicio2", "Ejercicio2\Ejercicio2.fsproj", "{73FD3028-D6EB-4EF3-917B-4A7D6F607309}"
EndProject
Global
	GlobalSection(SolutionConfigurationPlatforms) = preSolution
		Debug|Any CPU = Debug|Any CPU
		Release|Any CPU = Release|Any CPU
	EndGlobalSection
	GlobalSection(ProjectConfigurationPlatforms) = postSolution
		{73FD3028-D6EB-4EF3-917B-4A7D6F607309}.Debug|Any CPU.ActiveCfg = Debug|Any CPU
		{73FD3028-D6EB-4EF3-917B-4A7D6F607309}.Debug|Any CPU.Build.0 = Debug|Any CPU
		{73FD3028-D6EB-4EF3-917B-4A7D6F607309}.Release|Any CPU.ActiveCfg = Release|Any CPU
		{73FD3028-D6EB-4EF3-917B-4A7D6F607309}.Release|Any CPU.Build.0 = Release|Any CPU
	EndGlobalSection
	GlobalSection(SolutionProperties) = preSolution
		HideSolutionNode = FALSE
	EndGlobalSection
	GlobalSection(ExtensibilityGlobals) = postSolution
		SolutionGuid = {C838E8F3-0C8C-4E14-BD10-16508A639339}
	EndGlobalSection
EndGlobal
