
Microsoft Visual Studio Solution File, Format Version 12.00
# Visual Studio 15
VisualStudioVersion = 15.0.28307.1022
MinimumVisualStudioVersion = 10.0.40219.1
Project("{F2A71F9B-5D33-465A-A702-920D77279786}") = "Ejercicio31", "Ejercicio31\Ejercicio31.fsproj", "{B1E2E3D9-270D-491F-B5B8-215441E1CAD3}"
EndProject
Global
	GlobalSection(SolutionConfigurationPlatforms) = preSolution
		Debug|Any CPU = Debug|Any CPU
		Release|Any CPU = Release|Any CPU
	EndGlobalSection
	GlobalSection(ProjectConfigurationPlatforms) = postSolution
		{B1E2E3D9-270D-491F-B5B8-215441E1CAD3}.Debug|Any CPU.ActiveCfg = Debug|Any CPU
		{B1E2E3D9-270D-491F-B5B8-215441E1CAD3}.Debug|Any CPU.Build.0 = Debug|Any CPU
		{B1E2E3D9-270D-491F-B5B8-215441E1CAD3}.Release|Any CPU.ActiveCfg = Release|Any CPU
		{B1E2E3D9-270D-491F-B5B8-215441E1CAD3}.Release|Any CPU.Build.0 = Release|Any CPU
	EndGlobalSection
	GlobalSection(SolutionProperties) = preSolution
		HideSolutionNode = FALSE
	EndGlobalSection
	GlobalSection(ExtensibilityGlobals) = postSolution
		SolutionGuid = {CB339B49-D896-46FB-9328-7158DE142DEB}
	EndGlobalSection
EndGlobal
