
Microsoft Visual Studio Solution File, Format Version 12.00
# Visual Studio 15
VisualStudioVersion = 15.0.28307.1022
MinimumVisualStudioVersion = 10.0.40219.1
Project("{F2A71F9B-5D33-465A-A702-920D77279786}") = "Ejercicio13", "Ejercicio13\Ejercicio13.fsproj", "{DF92DE91-82F2-4E96-87EA-22F43AE12E97}"
EndProject
Global
	GlobalSection(SolutionConfigurationPlatforms) = preSolution
		Debug|Any CPU = Debug|Any CPU
		Release|Any CPU = Release|Any CPU
	EndGlobalSection
	GlobalSection(ProjectConfigurationPlatforms) = postSolution
		{DF92DE91-82F2-4E96-87EA-22F43AE12E97}.Debug|Any CPU.ActiveCfg = Debug|Any CPU
		{DF92DE91-82F2-4E96-87EA-22F43AE12E97}.Debug|Any CPU.Build.0 = Debug|Any CPU
		{DF92DE91-82F2-4E96-87EA-22F43AE12E97}.Release|Any CPU.ActiveCfg = Release|Any CPU
		{DF92DE91-82F2-4E96-87EA-22F43AE12E97}.Release|Any CPU.Build.0 = Release|Any CPU
	EndGlobalSection
	GlobalSection(SolutionProperties) = preSolution
		HideSolutionNode = FALSE
	EndGlobalSection
	GlobalSection(ExtensibilityGlobals) = postSolution
		SolutionGuid = {997ACB7B-0E71-4F40-8788-CD2FD73979C0}
	EndGlobalSection
EndGlobal
