
Microsoft Visual Studio Solution File, Format Version 12.00
# Visual Studio 15
VisualStudioVersion = 15.0.28307.1022
MinimumVisualStudioVersion = 10.0.40219.1
Project("{F2A71F9B-5D33-465A-A702-920D77279786}") = "Ejercicio 11", "Ejercicio 11\Ejercicio 11.fsproj", "{39E093EF-AAB4-443B-B27F-9171904FFBAD}"
EndProject
Global
	GlobalSection(SolutionConfigurationPlatforms) = preSolution
		Debug|Any CPU = Debug|Any CPU
		Release|Any CPU = Release|Any CPU
	EndGlobalSection
	GlobalSection(ProjectConfigurationPlatforms) = postSolution
		{39E093EF-AAB4-443B-B27F-9171904FFBAD}.Debug|Any CPU.ActiveCfg = Debug|Any CPU
		{39E093EF-AAB4-443B-B27F-9171904FFBAD}.Debug|Any CPU.Build.0 = Debug|Any CPU
		{39E093EF-AAB4-443B-B27F-9171904FFBAD}.Release|Any CPU.ActiveCfg = Release|Any CPU
		{39E093EF-AAB4-443B-B27F-9171904FFBAD}.Release|Any CPU.Build.0 = Release|Any CPU
	EndGlobalSection
	GlobalSection(SolutionProperties) = preSolution
		HideSolutionNode = FALSE
	EndGlobalSection
	GlobalSection(ExtensibilityGlobals) = postSolution
		SolutionGuid = {A946F979-F7FC-4E5D-A76E-83D64C951F6F}
	EndGlobalSection
EndGlobal
