
Microsoft Visual Studio Solution File, Format Version 12.00
# Visual Studio 15
VisualStudioVersion = 15.0.28307.1022
MinimumVisualStudioVersion = 10.0.40219.1
Project("{F2A71F9B-5D33-465A-A702-920D77279786}") = "Ejercicio26", "Ejercicio26\Ejercicio26.fsproj", "{7E2A89A1-9FA4-477B-A0EC-3D06CB4627D8}"
EndProject
Global
	GlobalSection(SolutionConfigurationPlatforms) = preSolution
		Debug|Any CPU = Debug|Any CPU
		Release|Any CPU = Release|Any CPU
	EndGlobalSection
	GlobalSection(ProjectConfigurationPlatforms) = postSolution
		{7E2A89A1-9FA4-477B-A0EC-3D06CB4627D8}.Debug|Any CPU.ActiveCfg = Debug|Any CPU
		{7E2A89A1-9FA4-477B-A0EC-3D06CB4627D8}.Debug|Any CPU.Build.0 = Debug|Any CPU
		{7E2A89A1-9FA4-477B-A0EC-3D06CB4627D8}.Release|Any CPU.ActiveCfg = Release|Any CPU
		{7E2A89A1-9FA4-477B-A0EC-3D06CB4627D8}.Release|Any CPU.Build.0 = Release|Any CPU
	EndGlobalSection
	GlobalSection(SolutionProperties) = preSolution
		HideSolutionNode = FALSE
	EndGlobalSection
	GlobalSection(ExtensibilityGlobals) = postSolution
		SolutionGuid = {2476E65A-9F9F-4762-B577-B729C8A3CD14}
	EndGlobalSection
EndGlobal
